// !$*UTF8*$!
{
	archiveVersion = 1;
	classes = {
	};
	objectVersion = 46;
	objects = {

/* Begin PBXBuildFile section */
		A50C649C1BC34A77008FB51F /* AppDelegate.swift in Sources */ = {isa = PBXBuildFile; fileRef = A50C649B1BC34A77008FB51F /* AppDelegate.swift */; };
		A50C649E1BC34A77008FB51F /* ViewController.swift in Sources */ = {isa = PBXBuildFile; fileRef = A50C649D1BC34A77008FB51F /* ViewController.swift */; };
		A50C64A11BC34A77008FB51F /* Main.storyboard in Resources */ = {isa = PBXBuildFile; fileRef = A50C649F1BC34A77008FB51F /* Main.storyboard */; };
		A50C64A31BC34A77008FB51F /* Images.xcassets in Resources */ = {isa = PBXBuildFile; fileRef = A50C64A21BC34A77008FB51F /* Images.xcassets */; };
		A50C64A61BC34A77008FB51F /* LaunchScreen.xib in Resources */ = {isa = PBXBuildFile; fileRef = A50C64A41BC34A77008FB51F /* LaunchScreen.xib */; };
		A50C64B21BC34A77008FB51F /* iWatchAnimationTests.swift in Sources */ = {isa = PBXBuildFile; fileRef = A50C64B11BC34A77008FB51F /* iWatchAnimationTests.swift */; };
		A50C64C41BC34A8C008FB51F /* InterfaceController.swift in Sources */ = {isa = PBXBuildFile; fileRef = A50C64C31BC34A8C008FB51F /* InterfaceController.swift */; };
		A50C64C61BC34A8C008FB51F /* Images.xcassets in Resources */ = {isa = PBXBuildFile; fileRef = A50C64C51BC34A8C008FB51F /* Images.xcassets */; };
		A50C64CA1BC34A8C008FB51F /* iWatchAnimation WatchKit App.app in Resources */ = {isa = PBXBuildFile; fileRef = A50C64C91BC34A8C008FB51F /* iWatchAnimation WatchKit App.app */; };
		A50C64D21BC34A8C008FB51F /* Interface.storyboard in Resources */ = {isa = PBXBuildFile; fileRef = A50C64D01BC34A8C008FB51F /* Interface.storyboard */; };
		A50C64D41BC34A8C008FB51F /* Images.xcassets in Resources */ = {isa = PBXBuildFile; fileRef = A50C64D31BC34A8C008FB51F /* Images.xcassets */; };
		A50C64D71BC34A8C008FB51F /* iWatchAnimation WatchKit Extension.appex in Embed App Extensions */ = {isa = PBXBuildFile; fileRef = A50C64BF1BC34A8C008FB51F /* iWatchAnimation WatchKit Extension.appex */; settings = {ATTRIBUTES = (RemoveHeadersOnCopy, ); }; };
/* End PBXBuildFile section */

/* Begin PBXContainerItemProxy section */
		A50C64AC1BC34A77008FB51F /* PBXContainerItemProxy */ = {
			isa = PBXContainerItemProxy;
			containerPortal = A50C648E1BC34A77008FB51F /* Project object */;
			proxyType = 1;
			remoteGlobalIDString = A50C64951BC34A77008FB51F;
			remoteInfo = iWatchAnimation;
		};
		A50C64CB1BC34A8C008FB51F /* PBXContainerItemProxy */ = {
			isa = PBXContainerItemProxy;
			containerPortal = A50C648E1BC34A77008FB51F /* Project object */;
			proxyType = 1;
			remoteGlobalIDString = A50C64C81BC34A8C008FB51F;
			remoteInfo = "iWatchAnimation WatchKit App";
		};
		A50C64D51BC34A8C008FB51F /* PBXContainerItemProxy */ = {
			isa = PBXContainerItemProxy;
			containerPortal = A50C648E1BC34A77008FB51F /* Project object */;
			proxyType = 1;
			remoteGlobalIDString = A50C64BE1BC34A8C008FB51F;
			remoteInfo = "iWatchAnimation WatchKit Extension";
		};
/* End PBXContainerItemProxy section */

/* Begin PBXCopyFilesBuildPhase section */
		A50C64DE1BC34A8C008FB51F /* Embed App Extensions */ = {
			isa = PBXCopyFilesBuildPhase;
			buildActionMask = 2147483647;
			dstPath = "";
			dstSubfolderSpec = 13;
			files = (
				A50C64D71BC34A8C008FB51F /* iWatchAnimation WatchKit Extension.appex in Embed App Extensions */,
			);
			name = "Embed App Extensions";
			runOnlyForDeploymentPostprocessing = 0;
		};
/* End PBXCopyFilesBuildPhase section */

/* Begin PBXFileReference section */
		A50C64961BC34A77008FB51F /* iWatchAnimation.app */ = {isa = PBXFileReference; explicitFileType = wrapper.application; includeInIndex = 0; path = iWatchAnimation.app; sourceTree = BUILT_PRODUCTS_DIR; };
		A50C649A1BC34A77008FB51F /* Info.plist */ = {isa = PBXFileReference; lastKnownFileType = text.plist.xml; path = Info.plist; sourceTree = "<group>"; };
		A50C649B1BC34A77008FB51F /* AppDelegate.swift */ = {isa = PBXFileReference; lastKnownFileType = sourcecode.swift; path = AppDelegate.swift; sourceTree = "<group>"; };
		A50C649D1BC34A77008FB51F /* ViewController.swift */ = {isa = PBXFileReference; lastKnownFileType = sourcecode.swift; path = ViewController.swift; sourceTree = "<group>"; };
		A50C64A01BC34A77008FB51F /* Base */ = {isa = PBXFileReference; lastKnownFileType = file.storyboard; name = Base; path = Base.lproj/Main.storyboard; sourceTree = "<group>"; };
		A50C64A21BC34A77008FB51F /* Images.xcassets */ = {isa = PBXFileReference; lastKnownFileType = folder.assetcatalog; path = Images.xcassets; sourceTree = "<group>"; };
		A50C64A51BC34A77008FB51F /* Base */ = {isa = PBXFileReference; lastKnownFileType = file.xib; name = Base; path = Base.lproj/LaunchScreen.xib; sourceTree = "<group>"; };
		A50C64AB1BC34A77008FB51F /* iWatchAnimationTests.xctest */ = {isa = PBXFileReference; explicitFileType = wrapper.cfbundle; includeInIndex = 0; path = iWatchAnimationTests.xctest; sourceTree = BUILT_PRODUCTS_DIR; };
		A50C64B01BC34A77008FB51F /* Info.plist */ = {isa = PBXFileReference; lastKnownFileType = text.plist.xml; path = Info.plist; sourceTree = "<group>"; };
		A50C64B11BC34A77008FB51F /* iWatchAnimationTests.swift */ = {isa = PBXFileReference; lastKnownFileType = sourcecode.swift; path = iWatchAnimationTests.swift; sourceTree = "<group>"; };
		A50C64BF1BC34A8C008FB51F /* iWatchAnimation WatchKit Extension.appex */ = {isa = PBXFileReference; explicitFileType = "wrapper.app-extension"; includeInIndex = 0; path = "iWatchAnimation WatchKit Extension.appex"; sourceTree = BUILT_PRODUCTS_DIR; };
		A50C64C21BC34A8C008FB51F /* Info.plist */ = {isa = PBXFileReference; lastKnownFileType = text.plist.xml; path = Info.plist; sourceTree = "<group>"; };
		A50C64C31BC34A8C008FB51F /* InterfaceController.swift */ = {isa = PBXFileReference; lastKnownFileType = sourcecode.swift; path = InterfaceController.swift; sourceTree = "<group>"; };
		A50C64C51BC34A8C008FB51F /* Images.xcassets */ = {isa = PBXFileReference; lastKnownFileType = folder.assetcatalog; path = Images.xcassets; sourceTree = "<group>"; };
		A50C64C91BC34A8C008FB51F /* iWatchAnimation WatchKit App.app */ = {isa = PBXFileReference; explicitFileType = wrapper.application; includeInIndex = 0; path = "iWatchAnimation WatchKit App.app"; sourceTree = BUILT_PRODUCTS_DIR; };
		A50C64CF1BC34A8C008FB51F /* Info.plist */ = {isa = PBXFileReference; lastKnownFileType = text.plist.xml; path = Info.plist; sourceTree = "<group>"; };
		A50C64D11BC34A8C008FB51F /* Base */ = {isa = PBXFileReference; lastKnownFileType = file.storyboard; name = Base; path = Base.lproj/Interface.storyboard; sourceTree = "<group>"; };
		A50C64D31BC34A8C008FB51F /* Images.xcassets */ = {isa = PBXFileReference; lastKnownFileType = folder.assetcatalog; path = Images.xcassets; sourceTree = "<group>"; };
/* End PBXFileReference section */

/* Begin PBXFrameworksBuildPhase section */
		A50C64931BC34A77008FB51F /* Frameworks */ = {
			isa = PBXFrameworksBuildPhase;
			buildActionMask = 2147483647;
			files = (
			);
			runOnlyForDeploymentPostprocessing = 0;
		};
		A50C64A81BC34A77008FB51F /* Frameworks */ = {
			isa = PBXFrameworksBuildPhase;
			buildActionMask = 2147483647;
			files = (
			);
			runOnlyForDeploymentPostprocessing = 0;
		};
		A50C64BC1BC34A8C008FB51F /* Frameworks */ = {
			isa = PBXFrameworksBuildPhase;
			buildActionMask = 2147483647;
			files = (
			);
			runOnlyForDeploymentPostprocessing = 0;
		};
/* End PBXFrameworksBuildPhase section */

/* Begin PBXGroup section */
		A50C648D1BC34A77008FB51F = {
			isa = PBXGroup;
			children = (
				A50C64981BC34A77008FB51F /* iWatchAnimation */,
				A50C64AE1BC34A77008FB51F /* iWatchAnimationTests */,
				A50C64C01BC34A8C008FB51F /* iWatchAnimation WatchKit Extension */,
				A50C64CD1BC34A8C008FB51F /* iWatchAnimation WatchKit App */,
				A50C64971BC34A77008FB51F /* Products */,
			);
			sourceTree = "<group>";
		};
		A50C64971BC34A77008FB51F /* Products */ = {
			isa = PBXGroup;
			children = (
				A50C64961BC34A77008FB51F /* iWatchAnimation.app */,
				A50C64AB1BC34A77008FB51F /* iWatchAnimationTests.xctest */,
				A50C64BF1BC34A8C008FB51F /* iWatchAnimation WatchKit Extension.appex */,
				A50C64C91BC34A8C008FB51F /* iWatchAnimation WatchKit App.app */,
			);
			name = Products;
			sourceTree = "<group>";
		};
		A50C64981BC34A77008FB51F /* iWatchAnimation */ = {
			isa = PBXGroup;
			children = (
				A50C649B1BC34A77008FB51F /* AppDelegate.swift */,
				A50C649D1BC34A77008FB51F /* ViewController.swift */,
				A50C649F1BC34A77008FB51F /* Main.storyboard */,
				A50C64A21BC34A77008FB51F /* Images.xcassets */,
				A50C64A41BC34A77008FB51F /* LaunchScreen.xib */,
				A50C64991BC34A77008FB51F /* Supporting Files */,
			);
			path = iWatchAnimation;
			sourceTree = "<group>";
		};
		A50C64991BC34A77008FB51F /* Supporting Files */ = {
			isa = PBXGroup;
			children = (
				A50C649A1BC34A77008FB51F /* Info.plist */,
			);
			name = "Supporting Files";
			sourceTree = "<group>";
		};
		A50C64AE1BC34A77008FB51F /* iWatchAnimationTests */ = {
			isa = PBXGroup;
			children = (
				A50C64B11BC34A77008FB51F /* iWatchAnimationTests.swift */,
				A50C64AF1BC34A77008FB51F /* Supporting Files */,
			);
			path = iWatchAnimationTests;
			sourceTree = "<group>";
		};
		A50C64AF1BC34A77008FB51F /* Supporting Files */ = {
			isa = PBXGroup;
			children = (
				A50C64B01BC34A77008FB51F /* Info.plist */,
			);
			name = "Supporting Files";
			sourceTree = "<group>";
		};
		A50C64C01BC34A8C008FB51F /* iWatchAnimation WatchKit Extension */ = {
			isa = PBXGroup;
			children = (
				A50C64C31BC34A8C008FB51F /* InterfaceController.swift */,
				A50C64C51BC34A8C008FB51F /* Images.xcassets */,
				A50C64C11BC34A8C008FB51F /* Supporting Files */,
			);
			path = "iWatchAnimation WatchKit Extension";
			sourceTree = "<group>";
		};
		A50C64C11BC34A8C008FB51F /* Supporting Files */ = {
			isa = PBXGroup;
			children = (
				A50C64C21BC34A8C008FB51F /* Info.plist */,
			);
			name = "Supporting Files";
			sourceTree = "<group>";
		};
		A50C64CD1BC34A8C008FB51F /* iWatchAnimation WatchKit App */ = {
			isa = PBXGroup;
			children = (
				A50C64D01BC34A8C008FB51F /* Interface.storyboard */,
				A50C64D31BC34A8C008FB51F /* Images.xcassets */,
				A50C64CE1BC34A8C008FB51F /* Supporting Files */,
			);
			path = "iWatchAnimation WatchKit App";
			sourceTree = "<group>";
		};
		A50C64CE1BC34A8C008FB51F /* Supporting Files */ = {
			isa = PBXGroup;
			children = (
				A50C64CF1BC34A8C008FB51F /* Info.plist */,
			);
			name = "Supporting Files";
			sourceTree = "<group>";
		};
/* End PBXGroup section */

/* Begin PBXNativeTarget section */
		A50C64951BC34A77008FB51F /* iWatchAnimation */ = {
			isa = PBXNativeTarget;
			buildConfigurationList = A50C64B51BC34A77008FB51F /* Build configuration list for PBXNativeTarget "iWatchAnimation" */;
			buildPhases = (
				A50C64921BC34A77008FB51F /* Sources */,
				A50C64931BC34A77008FB51F /* Frameworks */,
				A50C64941BC34A77008FB51F /* Resources */,
				A50C64DE1BC34A8C008FB51F /* Embed App Extensions */,
			);
			buildRules = (
			);
			dependencies = (
				A50C64D61BC34A8C008FB51F /* PBXTargetDependency */,
			);
			name = iWatchAnimation;
			productName = iWatchAnimation;
			productReference = A50C64961BC34A77008FB51F /* iWatchAnimation.app */;
			productType = "com.apple.product-type.application";
		};
		A50C64AA1BC34A77008FB51F /* iWatchAnimationTests */ = {
			isa = PBXNativeTarget;
			buildConfigurationList = A50C64B81BC34A77008FB51F /* Build configuration list for PBXNativeTarget "iWatchAnimationTests" */;
			buildPhases = (
				A50C64A71BC34A77008FB51F /* Sources */,
				A50C64A81BC34A77008FB51F /* Frameworks */,
				A50C64A91BC34A77008FB51F /* Resources */,
			);
			buildRules = (
			);
			dependencies = (
				A50C64AD1BC34A77008FB51F /* PBXTargetDependency */,
			);
			name = iWatchAnimationTests;
			productName = iWatchAnimationTests;
			productReference = A50C64AB1BC34A77008FB51F /* iWatchAnimationTests.xctest */;
			productType = "com.apple.product-type.bundle.unit-test";
		};
		A50C64BE1BC34A8C008FB51F /* iWatchAnimation WatchKit Extension */ = {
			isa = PBXNativeTarget;
			buildConfigurationList = A50C64DB1BC34A8C008FB51F /* Build configuration list for PBXNativeTarget "iWatchAnimation WatchKit Extension" */;
			buildPhases = (
				A50C64BB1BC34A8C008FB51F /* Sources */,
				A50C64BC1BC34A8C008FB51F /* Frameworks */,
				A50C64BD1BC34A8C008FB51F /* Resources */,
			);
			buildRules = (
			);
			dependencies = (
				A50C64CC1BC34A8C008FB51F /* PBXTargetDependency */,
			);
			name = "iWatchAnimation WatchKit Extension";
			productName = "iWatchAnimation WatchKit Extension";
			productReference = A50C64BF1BC34A8C008FB51F /* iWatchAnimation WatchKit Extension.appex */;
			productType = "com.apple.product-type.watchkit-extension";
		};
		A50C64C81BC34A8C008FB51F /* iWatchAnimation WatchKit App */ = {
			isa = PBXNativeTarget;
			buildConfigurationList = A50C64D81BC34A8C008FB51F /* Build configuration list for PBXNativeTarget "iWatchAnimation WatchKit App" */;
			buildPhases = (
				A50C64C71BC34A8C008FB51F /* Resources */,
			);
			buildRules = (
			);
			dependencies = (
			);
			name = "iWatchAnimation WatchKit App";
			productName = "iWatchAnimation WatchKit App";
			productReference = A50C64C91BC34A8C008FB51F /* iWatchAnimation WatchKit App.app */;
			productType = "com.apple.product-type.application.watchapp";
		};
/* End PBXNativeTarget section */

/* Begin PBXProject section */
		A50C648E1BC34A77008FB51F /* Project object */ = {
			isa = PBXProject;
			attributes = {
				LastUpgradeCheck = 0640;
				ORGANIZATIONNAME = qpiapps;
				TargetAttributes = {
					A50C64951BC34A77008FB51F = {
						CreatedOnToolsVersion = 6.4;
					};
					A50C64AA1BC34A77008FB51F = {
						CreatedOnToolsVersion = 6.4;
						TestTargetID = A50C64951BC34A77008FB51F;
					};
					A50C64BE1BC34A8C008FB51F = {
						CreatedOnToolsVersion = 6.4;
					};
					A50C64C81BC34A8C008FB51F = {
						CreatedOnToolsVersion = 6.4;
					};
				};
			};
			buildConfigurationList = A50C64911BC34A77008FB51F /* Build configuration list for PBXProject "iWatchAnimation" */;
			compatibilityVersion = "Xcode 3.2";
			developmentRegion = English;
			hasScannedForEncodings = 0;
			knownRegions = (
				en,
				Base,
			);
			mainGroup = A50C648D1BC34A77008FB51F;
			productRefGroup = A50C64971BC34A77008FB51F /* Products */;
			projectDirPath = "";
			projectRoot = "";
			targets = (
				A50C64951BC34A77008FB51F /* iWatchAnimation */,
				A50C64AA1BC34A77008FB51F /* iWatchAnimationTests */,
				A50C64BE1BC34A8C008FB51F /* iWatchAnimation WatchKit Extension */,
				A50C64C81BC34A8C008FB51F /* iWatchAnimation WatchKit App */,
			);
		};
/* End PBXProject section */

/* Begin PBXResourcesBuildPhase section */
		A50C64941BC34A77008FB51F /* Resources */ = {
			isa = PBXResourcesBuildPhase;
			buildActionMask = 2147483647;
			files = (
				A50C64A11BC34A77008FB51F /* Main.storyboard in Resources */,
				A50C64A61BC34A77008FB51F /* LaunchScreen.xib in Resources */,
				A50C64A31BC34A77008FB51F /* Images.xcassets in Resources */,
			);
			runOnlyForDeploymentPostprocessing = 0;
		};
		A50C64A91BC34A77008FB51F /* Resources */ = {
			isa = PBXResourcesBuildPhase;
			buildActionMask = 2147483647;
			files = (
			);
			runOnlyForDeploymentPostprocessing = 0;
		};
		A50C64BD1BC34A8C008FB51F /* Resources */ = {
			isa = PBXResourcesBuildPhase;
			buildActionMask = 2147483647;
			files = (
				A50C64CA1BC34A8C008FB51F /* iWatchAnimation WatchKit App.app in Resources */,
				A50C64C61BC34A8C008FB51F /* Images.xcassets in Resources */,
			);
			runOnlyForDeploymentPostprocessing = 0;
		};
		A50C64C71BC34A8C008FB51F /* Resources */ = {
			isa = PBXResourcesBuildPhase;
			buildActionMask = 2147483647;
			files = (
				A50C64D21BC34A8C008FB51F /* Interface.storyboard in Resources */,
				A50C64D41BC34A8C008FB51F /* Images.xcassets in Resources */,
			);
			runOnlyForDeploymentPostprocessing = 0;
		};
/* End PBXResourcesBuildPhase section */

/* Begin PBXSourcesBuildPhase section */
		A50C64921BC34A77008FB51F /* Sources */ = {
			isa = PBXSourcesBuildPhase;
			buildActionMask = 2147483647;
			files = (
				A50C649E1BC34A77008FB51F /* ViewController.swift in Sources */,
				A50C649C1BC34A77008FB51F /* AppDelegate.swift in Sources */,
			);
			runOnlyForDeploymentPostprocessing = 0;
		};
		A50C64A71BC34A77008FB51F /* Sources */ = {
			isa = PBXSourcesBuildPhase;
			buildActionMask = 2147483647;
			files = (
				A50C64B21BC34A77008FB51F /* iWatchAnimationTests.swift in Sources */,
			);
			runOnlyForDeploymentPostprocessing = 0;
		};
		A50C64BB1BC34A8C008FB51F /* Sources */ = {
			isa = PBXSourcesBuildPhase;
			buildActionMask = 2147483647;
			files = (
				A50C64C41BC34A8C008FB51F /* InterfaceController.swift in Sources */,
			);
			runOnlyForDeploymentPostprocessing = 0;
		};
/* End PBXSourcesBuildPhase section */

/* Begin PBXTargetDependency section */
		A50C64AD1BC34A77008FB51F /* PBXTargetDependency */ = {
			isa = PBXTargetDependency;
			target = A50C64951BC34A77008FB51F /* iWatchAnimation */;
			targetProxy = A50C64AC1BC34A77008FB51F /* PBXContainerItemProxy */;
		};
		A50C64CC1BC34A8C008FB51F /* PBXTargetDependency */ = {
			isa = PBXTargetDependency;
			target = A50C64C81BC34A8C008FB51F /* iWatchAnimation WatchKit App */;
			targetProxy = A50C64CB1BC34A8C008FB51F /* PBXContainerItemProxy */;
		};
		A50C64D61BC34A8C008FB51F /* PBXTargetDependency */ = {
			isa = PBXTargetDependency;
			target = A50C64BE1BC34A8C008FB51F /* iWatchAnimation WatchKit Extension */;
			targetProxy = A50C64D51BC34A8C008FB51F /* PBXContainerItemProxy */;
		};
/* End PBXTargetDependency section */

/* Begin PBXVariantGroup section */
		A50C649F1BC34A77008FB51F /* Main.storyboard */ = {
			isa = PBXVariantGroup;
			children = (
				A50C64A01BC34A77008FB51F /* Base */,
			);
			name = Main.storyboard;
			sourceTree = "<group>";
		};
		A50C64A41BC34A77008FB51F /* LaunchScreen.xib */ = {
			isa = PBXVariantGroup;
			children = (
				A50C64A51BC34A77008FB51F /* Base */,
			);
			name = LaunchScreen.xib;
			sourceTree = "<group>";
		};
		A50C64D01BC34A8C008FB51F /* Interface.storyboard */ = {
			isa = PBXVariantGroup;
			children = (
				A50C64D11BC34A8C008FB51F /* Base */,
			);
			name = Interface.storyboard;
			sourceTree = "<group>";
		};
/* End PBXVariantGroup section */

/* Begin XCBuildConfiguration section */
		A50C64B31BC34A77008FB51F /* Debug */ = {
			isa = XCBuildConfiguration;
			buildSettings = {
				ALWAYS_SEARCH_USER_PATHS = NO;
				CLANG_CXX_LANGUAGE_STANDARD = "gnu++0x";
				CLANG_CXX_LIBRARY = "libc++";
				CLANG_ENABLE_MODULES = YES;
				CLANG_ENABLE_OBJC_ARC = YES;
				CLANG_WARN_BOOL_CONVERSION = YES;
				CLANG_WARN_CONSTANT_CONVERSION = YES;
				CLANG_WARN_DIRECT_OBJC_ISA_USAGE = YES_ERROR;
				CLANG_WARN_EMPTY_BODY = YES;
				CLANG_WARN_ENUM_CONVERSION = YES;
				CLANG_WARN_INT_CONVERSION = YES;
				CLANG_WARN_OBJC_ROOT_CLASS = YES_ERROR;
				CLANG_WARN_UNREACHABLE_CODE = YES;
				CLANG_WARN__DUPLICATE_METHOD_MATCH = YES;
				"CODE_SIGN_IDENTITY[sdk=iphoneos*]" = "iPhone Developer";
				COPY_PHASE_STRIP = NO;
				DEBUG_INFORMATION_FORMAT = "dwarf-with-dsym";
				ENABLE_STRICT_OBJC_MSGSEND = YES;
				GCC_C_LANGUAGE_STANDARD = gnu99;
				GCC_DYNAMIC_NO_PIC = NO;
				GCC_NO_COMMON_BLOCKS = YES;
				GCC_OPTIMIZATION_LEVEL = 0;
				GCC_PREPROCESSOR_DEFINITIONS = (
					"DEBUG=1",
					"$(inherited)",
				);
				GCC_SYMBOLS_PRIVATE_EXTERN = NO;
				GCC_WARN_64_TO_32_BIT_CONVERSION = YES;
				GCC_WARN_ABOUT_RETURN_TYPE = YES_ERROR;
				GCC_WARN_UNDECLARED_SELECTOR = YES;
				GCC_WARN_UNINITIALIZED_AUTOS = YES_AGGRESSIVE;
				GCC_WARN_UNUSED_FUNCTION = YES;
				GCC_WARN_UNUSED_VARIABLE = YES;
				IPHONEOS_DEPLOYMENT_TARGET = 8.4;
				MTL_ENABLE_DEBUG_INFO = YES;
				ONLY_ACTIVE_ARCH = YES;
				SDKROOT = iphoneos;
				SWIFT_OPTIMIZATION_LEVEL = "-Onone";
			};
			name = Debug;
		};
		A50C64B41BC34A77008FB51F /* Release */ = {
			isa = XCBuildConfiguration;
			buildSettings = {
				ALWAYS_SEARCH_USER_PATHS = NO;
				CLANG_CXX_LANGUAGE_STANDARD = "gnu++0x";
				CLANG_CXX_LIBRARY = "libc++";
				CLANG_ENABLE_MODULES = YES;
				CLANG_ENABLE_OBJC_ARC = YES;
				CLANG_WARN_BOOL_CONVERSION = YES;
				CLANG_WARN_CONSTANT_CONVERSION = YES;
				CLANG_WARN_DIRECT_OBJC_ISA_USAGE = YES_ERROR;
				CLANG_WARN_EMPTY_BODY = YES;
				CLANG_WARN_ENUM_CONVERSION = YES;
				CLANG_WARN_INT_CONVERSION = YES;
				CLANG_WARN_OBJC_ROOT_CLASS = YES_ERROR;
				CLANG_WARN_UNREACHABLE_CODE = YES;
				CLANG_WARN__DUPLICATE_METHOD_MATCH = YES;
				"CODE_SIGN_IDENTITY[sdk=iphoneos*]" = "iPhone Developer";
				COPY_PHASE_STRIP = NO;
				DEBUG_INFORMATION_FORMAT = "dwarf-with-dsym";
				ENABLE_NS_ASSERTIONS = NO;
				ENABLE_STRICT_OBJC_MSGSEND = YES;
				GCC_C_LANGUAGE_STANDARD = gnu99;
				GCC_NO_COMMON_BLOCKS = YES;
				GCC_WARN_64_TO_32_BIT_CONVERSION = YES;
				GCC_WARN_ABOUT_RETURN_TYPE = YES_ERROR;
				GCC_WARN_UNDECLARED_SELECTOR = YES;
				GCC_WARN_UNINITIALIZED_AUTOS = YES_AGGRESSIVE;
				GCC_WARN_UNUSED_FUNCTION = YES;
				GCC_WARN_UNUSED_VARIABLE = YES;
				IPHONEOS_DEPLOYMENT_TARGET = 8.4;
				MTL_ENABLE_DEBUG_INFO = NO;
				SDKROOT = iphoneos;
				VALIDATE_PRODUCT = YES;
			};
			name = Release;
		};
		A50C64B61BC34A77008FB51F /* Debug */ = {
			isa = XCBuildConfiguration;
			buildSettings = {
				ASSETCATALOG_COMPILER_APPICON_NAME = AppIcon;
				INFOPLIST_FILE = iWatchAnimation/Info.plist;
				LD_RUNPATH_SEARCH_PATHS = "$(inherited) @executable_path/Frameworks";
				PRODUCT_NAME = "$(TARGET_NAME)";
			};
			name = Debug;
		};
		A50C64B71BC34A77008FB51F /* Release */ = {
			isa = XCBuildConfiguration;
			buildSettings = {
				ASSETCATALOG_COMPILER_APPICON_NAME = AppIcon;
				INFOPLIST_FILE = iWatchAnimation/Info.plist;
				LD_RUNPATH_SEARCH_PATHS = "$(inherited) @executable_path/Frameworks";
				PRODUCT_NAME = "$(TARGET_NAME)";
			};
			name = Release;
		};
		A50C64B91BC34A77008FB51F /* Debug */ = {
			isa = XCBuildConfiguration;
			buildSettings = {
				BUNDLE_LOADER = "$(TEST_HOST)";
				FRAMEWORK_SEARCH_PATHS = (
					"$(SDKROOT)/Developer/Library/Frameworks",
					"$(inherited)",
				);
				GCC_PREPROCESSOR_DEFINITIONS = (
					"DEBUG=1",
					"$(inherited)",
				);
				INFOPLIST_FILE = iWatchAnimationTests/Info.plist;
				LD_RUNPATH_SEARCH_PATHS = "$(inherited) @executable_path/Frameworks @loader_path/Frameworks";
				PRODUCT_NAME = "$(TARGET_NAME)";
				TEST_HOST = "$(BUILT_PRODUCTS_DIR)/iWatchAnimation.app/iWatchAnimation";
			};
			name = Debug;
		};
		A50C64BA1BC34A77008FB51F /* Release */ = {
			isa = XCBuildConfiguration;
			buildSettings = {
				BUNDLE_LOADER = "$(TEST_HOST)";
				FRAMEWORK_SEARCH_PATHS = (
					"$(SDKROOT)/Developer/Library/Frameworks",
					"$(inherited)",
				);
				INFOPLIST_FILE = iWatchAnimationTests/Info.plist;
				LD_RUNPATH_SEARCH_PATHS = "$(inherited) @executable_path/Frameworks @loader_path/Frameworks";
				PRODUCT_NAME = "$(TARGET_NAME)";
				TEST_HOST = "$(BUILT_PRODUCTS_DIR)/iWatchAnimation.app/iWatchAnimation";
			};
			name = Release;
		};
		A50C64D91BC34A8C008FB51F /* Debug */ = {
			isa = XCBuildConfiguration;
			buildSettings = {
				ASSETCATALOG_COMPILER_APPICON_NAME = AppIcon;
				GCC_PREPROCESSOR_DEFINITIONS = (
					"DEBUG=1",
					"$(inherited)",
				);
				IBSC_MODULE = iWatchAnimation_WatchKit_Extension;
				INFOPLIST_FILE = "iWatchAnimation WatchKit App/Info.plist";
				IPHONEOS_DEPLOYMENT_TARGET = 8.2;
				PRODUCT_NAME = "$(TARGET_NAME)";
				SKIP_INSTALL = YES;
				TARGETED_DEVICE_FAMILY = 4;
				"TARGETED_DEVICE_FAMILY[sdk=iphonesimulator*]" = "1,4";
			};
			name = Debug;
		};
		A50C64DA1BC34A8C008FB51F /* Release */ = {
			isa = XCBuildConfiguration;
			buildSettings = {
				ASSETCATALOG_COMPILER_APPICON_NAME = AppIcon;
				IBSC_MODULE = iWatchAnimation_WatchKit_Extension;
				INFOPLIST_FILE = "iWatchAnimation WatchKit App/Info.plist";
				IPHONEOS_DEPLOYMENT_TARGET = 8.2;
				PRODUCT_NAME = "$(TARGET_NAME)";
				SKIP_INSTALL = YES;
				TARGETED_DEVICE_FAMILY = 4;
				"TARGETED_DEVICE_FAMILY[sdk=iphonesimulator*]" = "1,4";
			};
			name = Release;
		};
		A50C64DC1BC34A8C008FB51F /* Debug */ = {
			isa = XCBuildConfiguration;
			buildSettings = {
				GCC_PREPROCESSOR_DEFINITIONS = (
					"DEBUG=1",
					"$(inherited)",
				);
				INFOPLIST_FILE = "iWatchAnimation WatchKit Extension/Info.plist";
				LD_RUNPATH_SEARCH_PATHS = "$(inherited) @executable_path/Frameworks @executable_path/../../Frameworks";
				PRODUCT_NAME = "${TARGET_NAME}";
				SKIP_INSTALL = YES;
			};
			name = Debug;
		};
		A50C64DD1BC34A8C008FB51F /* Release */ = {
			isa = XCBuildConfiguration;
			buildSettings = {
				INFOPLIST_FILE = "iWatchAnimation WatchKit Extension/Info.plist";
				LD_RUNPATH_SEARCH_PATHS = "$(inherited) @executable_path/Frameworks @executable_path/../../Frameworks";
				PRODUCT_NAME = "${TARGET_NAME}";
				SKIP_INSTALL = YES;
			};
			name = Release;
		};
/* End XCBuildConfiguration section */

/* Begin XCConfigurationList section */
		A50C64911BC34A77008FB51F /* Build configuration list for PBXProject "iWatchAnimation" */ = {
			isa = XCConfigurationList;
			buildConfigurations = (
				A50C64B31BC34A77008FB51F /* Debug */,
				A50C64B41BC34A77008FB51F /* Release */,
			);
			defaultConfigurationIsVisible = 0;
			defaultConfigurationName = Release;
		};
		A50C64B51BC34A77008FB51F /* Build configuration list for PBXNativeTarget "iWatchAnimation" */ = {
			isa = XCConfigurationList;
			buildConfigurations = (
				A50C64B61BC34A77008FB51F /* Debug */,
				A50C64B71BC34A77008FB51F /* Release */,
			);
			defaultConfigurationIsVisible = 0;
		};
		A50C64B81BC34A77008FB51F /* Build configuration list for PBXNativeTarget "iWatchAnimationTests" */ = {
			isa = XCConfigurationList;
			buildConfigurations = (
				A50C64B91BC34A77008FB51F /* Debug */,
				A50C64BA1BC34A77008FB51F /* Release */,
			);
			defaultConfigurationIsVisible = 0;
		};
		A50C64D81BC34A8C008FB51F /* Build configuration list for PBXNativeTarget "iWatchAnimation WatchKit App" */ = {
			isa = XCConfigurationList;
			buildConfigurations = (
				A50C64D91BC34A8C008FB51F /* Debug */,
				A50C64DA1BC34A8C008FB51F /* Release */,
			);
			defaultConfigurationIsVisible = 0;
		};
		A50C64DB1BC34A8C008FB51F /* Build configuration list for PBXNativeTarget "iWatchAnimation WatchKit Extension" */ = {
			isa = XCConfigurationList;
			buildConfigurations = (
				A50C64DC1BC34A8C008FB51F /* Debug */,
				A50C64DD1BC34A8C008FB51F /* Release */,
			);
			defaultConfigurationIsVisible = 0;
		};
/* End XCConfigurationList section */
	};
	rootObject = A50C648E1BC34A77008FB51F /* Project object */;
}
